github.com/abadojack/whatlanggo v0.0.0-20181004111500-01d4c01a5a7c h1:zGvufmb18ltr/s5/QeMN3r87oYCeR+uSNzJltsneCaE=
github.com/abadojack/whatlanggo v0.0.0-20181004111500-01d4c01a5a7c/go.mod h1:JdU7lKuvX8qqAFrjw25JGWCVmbEzBknb3+L69+8BRJo=
github.com/davecgh/go-spew v1.1.0 h1:ZDRjVQ15GmhC3fiQ8ni8+OwkZQO4DARzQgrnXU1Liz8=
github.com/davecgh/go-spew v1.1.0/go.mod h1:J7Y8YcW2NihsgmVo/mv3lAwl/skON4iLHjSsI+c5H38=
github.com/pkg/errors v0.8.1 h1:iURUrRGxPUNPdy5/HRSm+Yj6okJ6UtLINN0Q9M4+h3I=
github.com/pkg/errors v0.8.1/go.mod h1:bwawxfHBFNV+L2hUp1rHADufV3IMtnDRdf1r5NINEl0=
github.com/pmezard/go-difflib v1.0.0 h1:4DBwDE0NGyQoBHbLQYPwSUPoCMWR5BEzIk/f1lZbAQM=
github.com/pmezard/go-difflib v1.0.0/go.mod h1:iKH77koFhYxTK1pcRnkKkqfTogsbg7gZNVY4sRDYZ/4=
github.com/stretchr/objx v0.1.0/go.mod h1:HFkY916IF+rwdDfMAkV7OtwuqBVzrE8GR6GFx+wExME=
github.com/stretchr/testify v1.4.0 h1:2E4SXV/wtOkTonXsotYi4li6zVWxYlZuYNCXe9XRJyk=
github.com/stretchr/testify v1.4.0/go.mod h1:j7eGeouHqKxXV5pUuKE4zz7dFj8WfuZ+81PSLYec5m4=
github.com/vjeantet/jodaTime v0.0.0-20170816150230-be924ce213fb h1:9Cx/q/wd5p+BjCDBjY+rauPbwoS+chrnQ9MKMUtv/hs=
github.com/vjeantet/jodaTime v0.0.0-20170816150230-be924ce213fb/go.mod h1:XK4iy/zfkdRGe+lWQYwmebWh0IIMIe6+wi3APUAiCJ0=
gopkg.in/check.v1 v0.0.0-20161208181325-20d25e280405 h1:yhCVgyC4o1eVCa2tZl7eS0r+SDo693bJlVdllGtEeKM=
gopkg.in/check.v1 v0.0.0-20161208181325-20d25e280405/go.mod h1:Co6ibVJAznAaIkqp8huTwlJQCZ016jof/cbN4VW5Yz0=
gopkg.in/tucnak/telebot.v2 v2.0.0-20190106130618-430758b3741d h1:02+oNUB6FaBF38LdXLa8zrFUqqB5SEH8OBt3vQNy36s=
gopkg.in/tucnak/telebot.v2 v2.0.0-20190106130618-430758b3741d/go.mod h1:EmWSFwexO5JPTHiU7gDd9HMCCiyatACwO0HhuKNsOd0=
gopkg.in/yaml.v2 v2.2.2 h1:ZCJp+EgiOT7lHqUV2J862kp8Qj64Jo6az82+3Td9dZw=
gopkg.in/yaml.v2 v2.2.2/go.mod h1:hI93XBmqTisBFMUTm0b8Fm+jr3Dg1NNxqwp+5A1VGuI=
