# This file is autogenerated, do not edit; changes may be undone by the next 'dep ensure'.


[[projects]]
  digest = "1:cf31692c14422fa27c83a05292eb5cbe0fb2775972e8f1f8446a71549bd8980b"
  name = "github.com/pkg/errors"
  packages = ["."]
  pruneopts = "UT"
  revision = "ba968bfe8b2f7e042a574c888954fccecfa385b4"
  version = "v0.8.1"

[[projects]]
  branch = "master"
  digest = "1:5cacbcca4b9d7dc5892e335e291bc1f2070172cbfb811945bb84b5adf9d4ca1d"
  name = "github.com/vjeantet/jodaTime"
  packages = ["."]
  pruneopts = "UT"
  revision = "be924ce213fb35f66c810b61e051965eb78b82d0"

[[projects]]
  branch = "v2"
  digest = "1:ccc746bf1fb83d48401351ebe64df3a1aa6e2329859398e469da23088ea1558b"
  name = "gopkg.in/tucnak/telebot.v2"
  packages = ["."]
  pruneopts = "UT"
  revision = "430758b3741d5fc59259c3989f929dd16ba663e3"

[solve-meta]
  analyzer-name = "dep"
  analyzer-version = 1
  input-imports = [
    "github.com/vjeantet/jodaTime",
    "gopkg.in/tucnak/telebot.v2",
  ]
  solver-name = "gps-cdcl"
  solver-version = 1
